
Microsoft Visual Studio Solution File, Format Version 12.00
# Visual Studio Version 17
VisualStudioVersion = 17.11.35327.3
MinimumVisualStudioVersion = 10.0.40219.1
Project("{9A19103F-16F7-4668-BE54-9A1E7A4F7556}") = "Test  Ilenia Taccogna", "Test  Ilenia Taccogna\Test  Ilenia Taccogna.csproj", "{E65103A1-1710-4F2D-8442-3A43D7189D1B}"
EndProject
Global
	GlobalSection(SolutionConfigurationPlatforms) = preSolution
		Debug|Any CPU = Debug|Any CPU
		Release|Any CPU = Release|Any CPU
	EndGlobalSection
	GlobalSection(ProjectConfigurationPlatforms) = postSolution
		{E65103A1-1710-4F2D-8442-3A43D7189D1B}.Debug|Any CPU.ActiveCfg = Debug|Any CPU
		{E65103A1-1710-4F2D-8442-3A43D7189D1B}.Debug|Any CPU.Build.0 = Debug|Any CPU
		{E65103A1-1710-4F2D-8442-3A43D7189D1B}.Release|Any CPU.ActiveCfg = Release|Any CPU
		{E65103A1-1710-4F2D-8442-3A43D7189D1B}.Release|Any CPU.Build.0 = Release|Any CPU
	EndGlobalSection
	GlobalSection(SolutionProperties) = preSolution
		HideSolutionNode = FALSE
	EndGlobalSection
	GlobalSection(ExtensibilityGlobals) = postSolution
		SolutionGuid = {D3268D15-C659-4674-847F-F946946ABA01}
	EndGlobalSection
EndGlobal
